# This file is automatically @generated by Cargo.
# It is not intended for manual editing.
version = 3

[[package]]
name = "aligned"
version = "0.4.0"
source = "registry+https://github.com/rust-lang/crates.io-index"
checksum = "c2240c1c4e8d56ed2ba3c79e241c32fb5ae6bd73e23f70ef90f0650f3d45d0d5"
dependencies = [
 "as-slice",
]

[[package]]
name = "as-slice"
version = "0.2.1"
source = "registry+https://github.com/rust-lang/crates.io-index"
checksum = "516b6b4f0e40d50dcda9365d53964ec74560ad4284da2e7fc97122cd83174516"
dependencies = [
 "stable_deref_trait",
]

[[package]]
name = "cortex-a"
version = "7.0.1"
source = "registry+https://github.com/rust-lang/crates.io-index"
checksum = "5bd95fd055d118f77d4e4d527201b6ceccd13586b19b4dac1270f7081fef0f98"
dependencies = [
 "tock-registers",
]

[[package]]
name = "pios"
version = "0.1.0"
dependencies = [
 "aligned",
 "cortex-a",
 "tock-registers",
]

[[package]]
name = "stable_deref_trait"
version = "1.2.0"
source = "registry+https://github.com/rust-lang/crates.io-index"
checksum = "a8f112729512f8e442d81f95a8a7ddf2b7c6b8a1a6f509a95864142b30cab2d3"

[[package]]
name = "tock-registers"
version = "0.7.0"
source = "registry+https://github.com/rust-lang/crates.io-index"
checksum = "4ee8fba06c1f4d0b396ef61a54530bb6b28f0dc61c38bc8bc5a5a48161e6282e"
